
Microsoft Visual Studio Solution File, Format Version 12.00
# Visual Studio Version 16
VisualStudioVersion = 16.0.31729.503
MinimumVisualStudioVersion = 10.0.40219.1
Project("{FAE04EC0-301F-11D3-BF4B-00C04F79EFBC}") = "producer", "producer.csproj", "{973C6889-55C5-41C8-887C-5EF140436F32}"
EndProject
Global
	GlobalSection(SolutionConfigurationPlatforms) = preSolution
		Debug|Any CPU = Debug|Any CPU
		Release|Any CPU = Release|Any CPU
	EndGlobalSection
	GlobalSection(ProjectConfigurationPlatforms) = postSolution
		{973C6889-55C5-41C8-887C-5EF140436F32}.Debug|Any CPU.ActiveCfg = Debug|Any CPU
		{973C6889-55C5-41C8-887C-5EF140436F32}.Debug|Any CPU.Build.0 = Debug|Any CPU
		{973C6889-55C5-41C8-887C-5EF140436F32}.Release|Any CPU.ActiveCfg = Release|Any CPU
		{973C6889-55C5-41C8-887C-5EF140436F32}.Release|Any CPU.Build.0 = Release|Any CPU
	EndGlobalSection
	GlobalSection(SolutionProperties) = preSolution
		HideSolutionNode = FALSE
	EndGlobalSection
	GlobalSection(ExtensibilityGlobals) = postSolution
		SolutionGuid = {B98D779E-D8E7-4B8F-A438-590F183C67A4}
	EndGlobalSection
EndGlobal
